
Microsoft Visual Studio Solution File, Format Version 12.00
# Visual Studio 15
VisualStudioVersion = 15.0.27428.2037
MinimumVisualStudioVersion = 10.0.40219.1
Project("{9A19103F-16F7-4668-BE54-9A1E7A4F7556}") = "LogQuake.Service", "LogQuake.Domain.Service\LogQuake.Service.csproj", "{D05E6EDA-2B97-46DD-ADAD-D8B380B288E5}"
	ProjectSection(ProjectDependencies) = postProject
		{728E0C07-5509-4EA7-9B2B-49140700764F} = {728E0C07-5509-4EA7-9B2B-49140700764F}
	EndProjectSection
EndProject
Project("{9A19103F-16F7-4668-BE54-9A1E7A4F7556}") = "LogQuake.Application", "LogQuake.Application\LogQuake.Application.csproj", "{45C6D9A7-7B24-4ADC-AD98-F7DD1D523EC9}"
EndProject
Project("{9A19103F-16F7-4668-BE54-9A1E7A4F7556}") = "LogQuake.Infra", "LogQuake.Infra\LogQuake.Infra.csproj", "{5B572BC4-13C1-48CE-8466-3BA65749065B}"
EndProject
Project("{9A19103F-16F7-4668-BE54-9A1E7A4F7556}") = "LogQuake.Domain", "LogQuake.Domain\LogQuake.Domain.csproj", "{728E0C07-5509-4EA7-9B2B-49140700764F}"
EndProject
Project("{9A19103F-16F7-4668-BE54-9A1E7A4F7556}") = "LogQuake.CrossCutting", "LogQuake.CrossCutting\LogQuake.CrossCutting.csproj", "{49A00663-7338-4997-B876-E4FE9B3E5F13}"
EndProject
Project("{9A19103F-16F7-4668-BE54-9A1E7A4F7556}") = "LogQuake.Service.Test", "LogQuake.Service.Test\LogQuake.Service.Test.csproj", "{194DE34B-CB5C-4CC8-B414-71651D4941A4}"
EndProject
Project("{9A19103F-16F7-4668-BE54-9A1E7A4F7556}") = "LogQuake.Infra.Test", "LogQuake.Infra.Test\LogQuake.Infra.Test.csproj", "{7625B6FC-64E0-4421-8D48-B4602B9ABA72}"
EndProject
Project("{2150E333-8FDC-42A3-9474-1A3956D46DE8}") = "3 - Service", "3 - Service", "{FA608F4C-06E7-4D6C-ABE7-B446E82E9108}"
EndProject
Project("{2150E333-8FDC-42A3-9474-1A3956D46DE8}") = "2 - Domain", "2 - Domain", "{5CD18527-B8D4-4F53-B862-D3F0381E617A}"
EndProject
Project("{2150E333-8FDC-42A3-9474-1A3956D46DE8}") = "4 - Infra", "4 - Infra", "{88004449-A2CE-46FC-B02A-14989EEC8EA4}"
EndProject
Project("{2150E333-8FDC-42A3-9474-1A3956D46DE8}") = "Test", "Test", "{96B1CED6-EF5C-4484-A1E4-4308A57ECA1C}"
EndProject
Project("{2150E333-8FDC-42A3-9474-1A3956D46DE8}") = "4.1 - Data", "4.1 - Data", "{85B0419D-A449-469A-97C9-DB67175DE406}"
EndProject
Project("{2150E333-8FDC-42A3-9474-1A3956D46DE8}") = "4.2 - CrossCutting", "4.2 - CrossCutting", "{2D462C0A-BF3F-48D7-B67E-D72AE3D17D38}"
EndProject
Project("{2150E333-8FDC-42A3-9474-1A3956D46DE8}") = "Test", "Test", "{EBD3D910-E453-4C1D-815C-03F2B3970845}"
EndProject
Project("{2150E333-8FDC-42A3-9474-1A3956D46DE8}") = "1 - API", "1 - API", "{517BDDD4-9120-402E-B574-D0B4492448EB}"
EndProject
Project("{9A19103F-16F7-4668-BE54-9A1E7A4F7556}") = "LogQuake.API", "WebApplication1\LogQuake.API.csproj", "{44026B85-9C0F-48D0-AB55-EBF677D74AD9}"
EndProject
Global
	GlobalSection(SolutionConfigurationPlatforms) = preSolution
		Debug|Any CPU = Debug|Any CPU
		Release|Any CPU = Release|Any CPU
	EndGlobalSection
	GlobalSection(ProjectConfigurationPlatforms) = postSolution
		{D05E6EDA-2B97-46DD-ADAD-D8B380B288E5}.Debug|Any CPU.ActiveCfg = Debug|Any CPU
		{D05E6EDA-2B97-46DD-ADAD-D8B380B288E5}.Debug|Any CPU.Build.0 = Debug|Any CPU
		{D05E6EDA-2B97-46DD-ADAD-D8B380B288E5}.Release|Any CPU.ActiveCfg = Release|Any CPU
		{D05E6EDA-2B97-46DD-ADAD-D8B380B288E5}.Release|Any CPU.Build.0 = Release|Any CPU
		{45C6D9A7-7B24-4ADC-AD98-F7DD1D523EC9}.Debug|Any CPU.ActiveCfg = Debug|Any CPU
		{45C6D9A7-7B24-4ADC-AD98-F7DD1D523EC9}.Debug|Any CPU.Build.0 = Debug|Any CPU
		{45C6D9A7-7B24-4ADC-AD98-F7DD1D523EC9}.Release|Any CPU.ActiveCfg = Release|Any CPU
		{45C6D9A7-7B24-4ADC-AD98-F7DD1D523EC9}.Release|Any CPU.Build.0 = Release|Any CPU
		{5B572BC4-13C1-48CE-8466-3BA65749065B}.Debug|Any CPU.ActiveCfg = Debug|Any CPU
		{5B572BC4-13C1-48CE-8466-3BA65749065B}.Debug|Any CPU.Build.0 = Debug|Any CPU
		{5B572BC4-13C1-48CE-8466-3BA65749065B}.Release|Any CPU.ActiveCfg = Release|Any CPU
		{5B572BC4-13C1-48CE-8466-3BA65749065B}.Release|Any CPU.Build.0 = Release|Any CPU
		{728E0C07-5509-4EA7-9B2B-49140700764F}.Debug|Any CPU.ActiveCfg = Debug|Any CPU
		{728E0C07-5509-4EA7-9B2B-49140700764F}.Debug|Any CPU.Build.0 = Debug|Any CPU
		{728E0C07-5509-4EA7-9B2B-49140700764F}.Release|Any CPU.ActiveCfg = Release|Any CPU
		{728E0C07-5509-4EA7-9B2B-49140700764F}.Release|Any CPU.Build.0 = Release|Any CPU
		{49A00663-7338-4997-B876-E4FE9B3E5F13}.Debug|Any CPU.ActiveCfg = Debug|Any CPU
		{49A00663-7338-4997-B876-E4FE9B3E5F13}.Debug|Any CPU.Build.0 = Debug|Any CPU
		{49A00663-7338-4997-B876-E4FE9B3E5F13}.Release|Any CPU.ActiveCfg = Release|Any CPU
		{49A00663-7338-4997-B876-E4FE9B3E5F13}.Release|Any CPU.Build.0 = Release|Any CPU
		{194DE34B-CB5C-4CC8-B414-71651D4941A4}.Debug|Any CPU.ActiveCfg = Debug|Any CPU
		{194DE34B-CB5C-4CC8-B414-71651D4941A4}.Debug|Any CPU.Build.0 = Debug|Any CPU
		{194DE34B-CB5C-4CC8-B414-71651D4941A4}.Release|Any CPU.ActiveCfg = Release|Any CPU
		{194DE34B-CB5C-4CC8-B414-71651D4941A4}.Release|Any CPU.Build.0 = Release|Any CPU
		{7625B6FC-64E0-4421-8D48-B4602B9ABA72}.Debug|Any CPU.ActiveCfg = Debug|Any CPU
		{7625B6FC-64E0-4421-8D48-B4602B9ABA72}.Debug|Any CPU.Build.0 = Debug|Any CPU
		{7625B6FC-64E0-4421-8D48-B4602B9ABA72}.Release|Any CPU.ActiveCfg = Release|Any CPU
		{7625B6FC-64E0-4421-8D48-B4602B9ABA72}.Release|Any CPU.Build.0 = Release|Any CPU
		{44026B85-9C0F-48D0-AB55-EBF677D74AD9}.Debug|Any CPU.ActiveCfg = Debug|Any CPU
		{44026B85-9C0F-48D0-AB55-EBF677D74AD9}.Debug|Any CPU.Build.0 = Debug|Any CPU
		{44026B85-9C0F-48D0-AB55-EBF677D74AD9}.Release|Any CPU.ActiveCfg = Release|Any CPU
		{44026B85-9C0F-48D0-AB55-EBF677D74AD9}.Release|Any CPU.Build.0 = Release|Any CPU
	EndGlobalSection
	GlobalSection(SolutionProperties) = preSolution
		HideSolutionNode = FALSE
	EndGlobalSection
	GlobalSection(NestedProjects) = preSolution
		{D05E6EDA-2B97-46DD-ADAD-D8B380B288E5} = {FA608F4C-06E7-4D6C-ABE7-B446E82E9108}
		{5B572BC4-13C1-48CE-8466-3BA65749065B} = {85B0419D-A449-469A-97C9-DB67175DE406}
		{728E0C07-5509-4EA7-9B2B-49140700764F} = {5CD18527-B8D4-4F53-B862-D3F0381E617A}
		{49A00663-7338-4997-B876-E4FE9B3E5F13} = {2D462C0A-BF3F-48D7-B67E-D72AE3D17D38}
		{194DE34B-CB5C-4CC8-B414-71651D4941A4} = {96B1CED6-EF5C-4484-A1E4-4308A57ECA1C}
		{7625B6FC-64E0-4421-8D48-B4602B9ABA72} = {EBD3D910-E453-4C1D-815C-03F2B3970845}
		{96B1CED6-EF5C-4484-A1E4-4308A57ECA1C} = {FA608F4C-06E7-4D6C-ABE7-B446E82E9108}
		{85B0419D-A449-469A-97C9-DB67175DE406} = {88004449-A2CE-46FC-B02A-14989EEC8EA4}
		{2D462C0A-BF3F-48D7-B67E-D72AE3D17D38} = {88004449-A2CE-46FC-B02A-14989EEC8EA4}
		{EBD3D910-E453-4C1D-815C-03F2B3970845} = {85B0419D-A449-469A-97C9-DB67175DE406}
		{44026B85-9C0F-48D0-AB55-EBF677D74AD9} = {517BDDD4-9120-402E-B574-D0B4492448EB}
	EndGlobalSection
	GlobalSection(ExtensibilityGlobals) = postSolution
		SolutionGuid = {DDCB36DF-80B0-46D3-9069-08175F4DE3B3}
	EndGlobalSection
EndGlobal
