
Microsoft Visual Studio Solution File, Format Version 12.00
# Visual Studio 15
VisualStudioVersion = 15.0.27428.2037
MinimumVisualStudioVersion = 10.0.40219.1
Project("{9A19103F-16F7-4668-BE54-9A1E7A4F7556}") = "LogQuake.Service", "LogQuake.Domain.Service\LogQuake.Service.csproj", "{D05E6EDA-2B97-46DD-ADAD-D8B380B288E5}"
	ProjectSection(ProjectDependencies) = postProject
		{728E0C07-5509-4EA7-9B2B-49140700764F} = {728E0C07-5509-4EA7-9B2B-49140700764F}
	EndProjectSection
EndProject
Project("{9A19103F-16F7-4668-BE54-9A1E7A4F7556}") = "LogQuake.Infra", "LogQuake.Infra\LogQuake.Infra.csproj", "{5B572BC4-13C1-48CE-8466-3BA65749065B}"
EndProject
Project("{9A19103F-16F7-4668-BE54-9A1E7A4F7556}") = "LogQuake.Domain", "LogQuake.Domain\LogQuake.Domain.csproj", "{728E0C07-5509-4EA7-9B2B-49140700764F}"
EndProject
Project("{9A19103F-16F7-4668-BE54-9A1E7A4F7556}") = "LogQuake.CrossCutting", "LogQuake.CrossCutting\LogQuake.CrossCutting.csproj", "{49A00663-7338-4997-B876-E4FE9B3E5F13}"
EndProject
Project("{9A19103F-16F7-4668-BE54-9A1E7A4F7556}") = "LogQuake.Service.Test", "LogQuake.Service.Test\LogQuake.Service.Test.csproj", "{194DE34B-CB5C-4CC8-B414-71651D4941A4}"
EndProject
Project("{9A19103F-16F7-4668-BE54-9A1E7A4F7556}") = "LogQuake.Infra.Test", "LogQuake.Infra.Test\LogQuake.Infra.Test.csproj", "{7625B6FC-64E0-4421-8D48-B4602B9ABA72}"
EndProject
Project("{2150E333-8FDC-42A3-9474-1A3956D46DE8}") = "3 - Service", "3 - Service", "{FA608F4C-06E7-4D6C-ABE7-B446E82E9108}"
EndProject
Project("{2150E333-8FDC-42A3-9474-1A3956D46DE8}") = "2 - Domain", "2 - Domain", "{5CD18527-B8D4-4F53-B862-D3F0381E617A}"
EndProject
Project("{2150E333-8FDC-42A3-9474-1A3956D46DE8}") = "4 - Infra", "4 - Infra", "{88004449-A2CE-46FC-B02A-14989EEC8EA4}"
EndProject
Project("{2150E333-8FDC-42A3-9474-1A3956D46DE8}") = "Test", "Test", "{96B1CED6-EF5C-4484-A1E4-4308A57ECA1C}"
EndProject
Project("{2150E333-8FDC-42A3-9474-1A3956D46DE8}") = "4.1 - Data", "4.1 - Data", "{85B0419D-A449-469A-97C9-DB67175DE406}"
EndProject
Project("{2150E333-8FDC-42A3-9474-1A3956D46DE8}") = "4.2 - CrossCutting", "4.2 - CrossCutting", "{2D462C0A-BF3F-48D7-B67E-D72AE3D17D38}"
EndProject
Project("{2150E333-8FDC-42A3-9474-1A3956D46DE8}") = "Test", "Test", "{EBD3D910-E453-4C1D-815C-03F2B3970845}"
EndProject
Project("{2150E333-8FDC-42A3-9474-1A3956D46DE8}") = "1 - API", "1 - API", "{517BDDD4-9120-402E-B574-D0B4492448EB}"
EndProject
Project("{2150E333-8FDC-42A3-9474-1A3956D46DE8}") = "Test", "Test", "{1EA5A4D4-B741-4478-9C9C-13F5A44B1518}"
EndProject
Project("{9A19103F-16F7-4668-BE54-9A1E7A4F7556}") = "LogQuake.API.Test", "LogQuake.API.Test\LogQuake.API.Test.csproj", "{A1887A74-CC0B-400D-9048-E2210104DD60}"
EndProject
Project("{2150E333-8FDC-42A3-9474-1A3956D46DE8}") = "Test", "Test", "{9EA1C189-C04F-4FCD-ADAA-A502FFE4E043}"
EndProject
Project("{9A19103F-16F7-4668-BE54-9A1E7A4F7556}") = "LogQuake.Domain.Test", "LogQuake.Domain.Test\LogQuake.Domain.Test.csproj", "{FEEEAB31-61F2-4A7D-84C2-F39FD49008EB}"
EndProject
Project("{9A19103F-16F7-4668-BE54-9A1E7A4F7556}") = "LogQuake.API", "LogQuake.API\LogQuake.API.csproj", "{0EAE4EFC-0432-4B62-8432-C11B8481C6C6}"
EndProject
Project("{2150E333-8FDC-42A3-9474-1A3956D46DE8}") = "src", "src", "{AB195071-3F52-448F-B55F-990C6B21863F}"
EndProject
Project("{2150E333-8FDC-42A3-9474-1A3956D46DE8}") = "tests", "tests", "{3D691735-65BB-4C3F-B2FB-FE31E6D27BFE}"
EndProject
Project("{2150E333-8FDC-42A3-9474-1A3956D46DE8}") = "LogQuake.API", "LogQuake.API", "{D1CB74D7-B47D-431B-938D-8CB1C4B3D70D}"
EndProject
Project("{2150E333-8FDC-42A3-9474-1A3956D46DE8}") = "LogQuake.CrossCutting", "LogQuake.CrossCutting", "{F388EC69-DC8B-43F0-89A6-48BB6B850EF9}"
EndProject
Project("{2150E333-8FDC-42A3-9474-1A3956D46DE8}") = "LogQuake.Domain", "LogQuake.Domain", "{4B558144-DD93-4715-851A-6AC7A0947FA4}"
EndProject
Project("{2150E333-8FDC-42A3-9474-1A3956D46DE8}") = "LogQuake.Infra", "LogQuake.Infra", "{69CADA61-DFA9-4EE4-B4B8-15DFBD82535D}"
EndProject
Project("{2150E333-8FDC-42A3-9474-1A3956D46DE8}") = "LogQuake.Service", "LogQuake.Service", "{87D6C2A6-ABF1-482A-A2B7-48249E5CF91E}"
EndProject
Project("{2150E333-8FDC-42A3-9474-1A3956D46DE8}") = "LogQuake.API.Test", "LogQuake.API.Test", "{F8C9B80B-FCC2-43AE-8A3A-991125554EBA}"
EndProject
Project("{2150E333-8FDC-42A3-9474-1A3956D46DE8}") = "LogQuake.Domain.Test", "LogQuake.Domain.Test", "{C135522D-87A1-4683-A944-FEA008EFD423}"
EndProject
Project("{2150E333-8FDC-42A3-9474-1A3956D46DE8}") = "LogQuake.Infra.Test", "LogQuake.Infra.Test", "{9820AD37-F8BF-4515-BED4-92D40D1A2A5B}"
EndProject
Project("{2150E333-8FDC-42A3-9474-1A3956D46DE8}") = "LogQuake.Service.Test", "LogQuake.Service.Test", "{E87243BE-6959-4498-8312-632257DBA24B}"
EndProject
Global
	GlobalSection(SolutionConfigurationPlatforms) = preSolution
		Debug|Any CPU = Debug|Any CPU
		Release|Any CPU = Release|Any CPU
	EndGlobalSection
	GlobalSection(ProjectConfigurationPlatforms) = postSolution
		{D05E6EDA-2B97-46DD-ADAD-D8B380B288E5}.Debug|Any CPU.ActiveCfg = Debug|Any CPU
		{D05E6EDA-2B97-46DD-ADAD-D8B380B288E5}.Debug|Any CPU.Build.0 = Debug|Any CPU
		{D05E6EDA-2B97-46DD-ADAD-D8B380B288E5}.Release|Any CPU.ActiveCfg = Release|Any CPU
		{D05E6EDA-2B97-46DD-ADAD-D8B380B288E5}.Release|Any CPU.Build.0 = Release|Any CPU
		{5B572BC4-13C1-48CE-8466-3BA65749065B}.Debug|Any CPU.ActiveCfg = Debug|Any CPU
		{5B572BC4-13C1-48CE-8466-3BA65749065B}.Debug|Any CPU.Build.0 = Debug|Any CPU
		{5B572BC4-13C1-48CE-8466-3BA65749065B}.Release|Any CPU.ActiveCfg = Release|Any CPU
		{5B572BC4-13C1-48CE-8466-3BA65749065B}.Release|Any CPU.Build.0 = Release|Any CPU
		{728E0C07-5509-4EA7-9B2B-49140700764F}.Debug|Any CPU.ActiveCfg = Debug|Any CPU
		{728E0C07-5509-4EA7-9B2B-49140700764F}.Debug|Any CPU.Build.0 = Debug|Any CPU
		{728E0C07-5509-4EA7-9B2B-49140700764F}.Release|Any CPU.ActiveCfg = Release|Any CPU
		{728E0C07-5509-4EA7-9B2B-49140700764F}.Release|Any CPU.Build.0 = Release|Any CPU
		{49A00663-7338-4997-B876-E4FE9B3E5F13}.Debug|Any CPU.ActiveCfg = Debug|Any CPU
		{49A00663-7338-4997-B876-E4FE9B3E5F13}.Debug|Any CPU.Build.0 = Debug|Any CPU
		{49A00663-7338-4997-B876-E4FE9B3E5F13}.Release|Any CPU.ActiveCfg = Release|Any CPU
		{49A00663-7338-4997-B876-E4FE9B3E5F13}.Release|Any CPU.Build.0 = Release|Any CPU
		{194DE34B-CB5C-4CC8-B414-71651D4941A4}.Debug|Any CPU.ActiveCfg = Debug|Any CPU
		{194DE34B-CB5C-4CC8-B414-71651D4941A4}.Debug|Any CPU.Build.0 = Debug|Any CPU
		{194DE34B-CB5C-4CC8-B414-71651D4941A4}.Release|Any CPU.ActiveCfg = Release|Any CPU
		{194DE34B-CB5C-4CC8-B414-71651D4941A4}.Release|Any CPU.Build.0 = Release|Any CPU
		{7625B6FC-64E0-4421-8D48-B4602B9ABA72}.Debug|Any CPU.ActiveCfg = Debug|Any CPU
		{7625B6FC-64E0-4421-8D48-B4602B9ABA72}.Debug|Any CPU.Build.0 = Debug|Any CPU
		{7625B6FC-64E0-4421-8D48-B4602B9ABA72}.Release|Any CPU.ActiveCfg = Release|Any CPU
		{7625B6FC-64E0-4421-8D48-B4602B9ABA72}.Release|Any CPU.Build.0 = Release|Any CPU
		{A1887A74-CC0B-400D-9048-E2210104DD60}.Debug|Any CPU.ActiveCfg = Debug|Any CPU
		{A1887A74-CC0B-400D-9048-E2210104DD60}.Debug|Any CPU.Build.0 = Debug|Any CPU
		{A1887A74-CC0B-400D-9048-E2210104DD60}.Release|Any CPU.ActiveCfg = Release|Any CPU
		{A1887A74-CC0B-400D-9048-E2210104DD60}.Release|Any CPU.Build.0 = Release|Any CPU
		{FEEEAB31-61F2-4A7D-84C2-F39FD49008EB}.Debug|Any CPU.ActiveCfg = Debug|Any CPU
		{FEEEAB31-61F2-4A7D-84C2-F39FD49008EB}.Debug|Any CPU.Build.0 = Debug|Any CPU
		{FEEEAB31-61F2-4A7D-84C2-F39FD49008EB}.Release|Any CPU.ActiveCfg = Release|Any CPU
		{FEEEAB31-61F2-4A7D-84C2-F39FD49008EB}.Release|Any CPU.Build.0 = Release|Any CPU
		{0EAE4EFC-0432-4B62-8432-C11B8481C6C6}.Debug|Any CPU.ActiveCfg = Debug|Any CPU
		{0EAE4EFC-0432-4B62-8432-C11B8481C6C6}.Debug|Any CPU.Build.0 = Debug|Any CPU
		{0EAE4EFC-0432-4B62-8432-C11B8481C6C6}.Release|Any CPU.ActiveCfg = Release|Any CPU
		{0EAE4EFC-0432-4B62-8432-C11B8481C6C6}.Release|Any CPU.Build.0 = Release|Any CPU
	EndGlobalSection
	GlobalSection(SolutionProperties) = preSolution
		HideSolutionNode = FALSE
	EndGlobalSection
	GlobalSection(NestedProjects) = preSolution
		{D05E6EDA-2B97-46DD-ADAD-D8B380B288E5} = {87D6C2A6-ABF1-482A-A2B7-48249E5CF91E}
		{5B572BC4-13C1-48CE-8466-3BA65749065B} = {69CADA61-DFA9-4EE4-B4B8-15DFBD82535D}
		{728E0C07-5509-4EA7-9B2B-49140700764F} = {4B558144-DD93-4715-851A-6AC7A0947FA4}
		{49A00663-7338-4997-B876-E4FE9B3E5F13} = {F388EC69-DC8B-43F0-89A6-48BB6B850EF9}
		{194DE34B-CB5C-4CC8-B414-71651D4941A4} = {E87243BE-6959-4498-8312-632257DBA24B}
		{7625B6FC-64E0-4421-8D48-B4602B9ABA72} = {9820AD37-F8BF-4515-BED4-92D40D1A2A5B}
		{96B1CED6-EF5C-4484-A1E4-4308A57ECA1C} = {FA608F4C-06E7-4D6C-ABE7-B446E82E9108}
		{85B0419D-A449-469A-97C9-DB67175DE406} = {88004449-A2CE-46FC-B02A-14989EEC8EA4}
		{2D462C0A-BF3F-48D7-B67E-D72AE3D17D38} = {88004449-A2CE-46FC-B02A-14989EEC8EA4}
		{EBD3D910-E453-4C1D-815C-03F2B3970845} = {85B0419D-A449-469A-97C9-DB67175DE406}
		{1EA5A4D4-B741-4478-9C9C-13F5A44B1518} = {517BDDD4-9120-402E-B574-D0B4492448EB}
		{A1887A74-CC0B-400D-9048-E2210104DD60} = {F8C9B80B-FCC2-43AE-8A3A-991125554EBA}
		{9EA1C189-C04F-4FCD-ADAA-A502FFE4E043} = {5CD18527-B8D4-4F53-B862-D3F0381E617A}
		{FEEEAB31-61F2-4A7D-84C2-F39FD49008EB} = {C135522D-87A1-4683-A944-FEA008EFD423}
		{0EAE4EFC-0432-4B62-8432-C11B8481C6C6} = {D1CB74D7-B47D-431B-938D-8CB1C4B3D70D}
		{D1CB74D7-B47D-431B-938D-8CB1C4B3D70D} = {AB195071-3F52-448F-B55F-990C6B21863F}
		{F388EC69-DC8B-43F0-89A6-48BB6B850EF9} = {AB195071-3F52-448F-B55F-990C6B21863F}
		{4B558144-DD93-4715-851A-6AC7A0947FA4} = {AB195071-3F52-448F-B55F-990C6B21863F}
		{69CADA61-DFA9-4EE4-B4B8-15DFBD82535D} = {AB195071-3F52-448F-B55F-990C6B21863F}
		{87D6C2A6-ABF1-482A-A2B7-48249E5CF91E} = {AB195071-3F52-448F-B55F-990C6B21863F}
		{F8C9B80B-FCC2-43AE-8A3A-991125554EBA} = {3D691735-65BB-4C3F-B2FB-FE31E6D27BFE}
		{C135522D-87A1-4683-A944-FEA008EFD423} = {3D691735-65BB-4C3F-B2FB-FE31E6D27BFE}
		{9820AD37-F8BF-4515-BED4-92D40D1A2A5B} = {3D691735-65BB-4C3F-B2FB-FE31E6D27BFE}
		{E87243BE-6959-4498-8312-632257DBA24B} = {3D691735-65BB-4C3F-B2FB-FE31E6D27BFE}
	EndGlobalSection
	GlobalSection(ExtensibilityGlobals) = postSolution
		SolutionGuid = {DDCB36DF-80B0-46D3-9069-08175F4DE3B3}
	EndGlobalSection
EndGlobal
