
Microsoft Visual Studio Solution File, Format Version 12.00
# Visual Studio 15
VisualStudioVersion = 15.0.27428.2037
MinimumVisualStudioVersion = 10.0.40219.1
Project("{9A19103F-16F7-4668-BE54-9A1E7A4F7556}") = "LogQuake.Service", "LogQuake.Service\LogQuake.Service.csproj", "{D05E6EDA-2B97-46DD-ADAD-D8B380B288E5}"
	ProjectSection(ProjectDependencies) = postProject
		{728E0C07-5509-4EA7-9B2B-49140700764F} = {728E0C07-5509-4EA7-9B2B-49140700764F}
	EndProjectSection
EndProject
Project("{9A19103F-16F7-4668-BE54-9A1E7A4F7556}") = "LogQuake.Infra", "LogQuake.Infra\LogQuake.Infra.csproj", "{5B572BC4-13C1-48CE-8466-3BA65749065B}"
EndProject
Project("{9A19103F-16F7-4668-BE54-9A1E7A4F7556}") = "LogQuake.Domain", "LogQuake.Domain\LogQuake.Domain.csproj", "{728E0C07-5509-4EA7-9B2B-49140700764F}"
EndProject
Project("{9A19103F-16F7-4668-BE54-9A1E7A4F7556}") = "LogQuake.CrossCutting", "LogQuake.CrossCutting\LogQuake.CrossCutting.csproj", "{49A00663-7338-4997-B876-E4FE9B3E5F13}"
EndProject
Project("{9A19103F-16F7-4668-BE54-9A1E7A4F7556}") = "LogQuake.Service.Test", "LogQuake.Service.Test\LogQuake.Service.Test.csproj", "{194DE34B-CB5C-4CC8-B414-71651D4941A4}"
EndProject
Project("{9A19103F-16F7-4668-BE54-9A1E7A4F7556}") = "LogQuake.Infra.Test", "LogQuake.Infra.Test\LogQuake.Infra.Test.csproj", "{7625B6FC-64E0-4421-8D48-B4602B9ABA72}"
EndProject
Project("{9A19103F-16F7-4668-BE54-9A1E7A4F7556}") = "LogQuake.API.Test", "LogQuake.API.Test\LogQuake.API.Test.csproj", "{A1887A74-CC0B-400D-9048-E2210104DD60}"
EndProject
Project("{9A19103F-16F7-4668-BE54-9A1E7A4F7556}") = "LogQuake.Domain.Test", "LogQuake.Domain.Test\LogQuake.Domain.Test.csproj", "{FEEEAB31-61F2-4A7D-84C2-F39FD49008EB}"
EndProject
Project("{9A19103F-16F7-4668-BE54-9A1E7A4F7556}") = "LogQuake.API", "LogQuake.API\LogQuake.API.csproj", "{0EAE4EFC-0432-4B62-8432-C11B8481C6C6}"
EndProject
Project("{2150E333-8FDC-42A3-9474-1A3956D46DE8}") = "src", "src", "{AB195071-3F52-448F-B55F-990C6B21863F}"
EndProject
Project("{2150E333-8FDC-42A3-9474-1A3956D46DE8}") = "tests", "tests", "{3D691735-65BB-4C3F-B2FB-FE31E6D27BFE}"
EndProject
Project("{2150E333-8FDC-42A3-9474-1A3956D46DE8}") = "LogQuake.API", "LogQuake.API", "{D1CB74D7-B47D-431B-938D-8CB1C4B3D70D}"
EndProject
Project("{2150E333-8FDC-42A3-9474-1A3956D46DE8}") = "LogQuake.CrossCutting", "LogQuake.CrossCutting", "{F388EC69-DC8B-43F0-89A6-48BB6B850EF9}"
EndProject
Project("{2150E333-8FDC-42A3-9474-1A3956D46DE8}") = "LogQuake.Domain", "LogQuake.Domain", "{4B558144-DD93-4715-851A-6AC7A0947FA4}"
EndProject
Project("{2150E333-8FDC-42A3-9474-1A3956D46DE8}") = "LogQuake.Infra", "LogQuake.Infra", "{69CADA61-DFA9-4EE4-B4B8-15DFBD82535D}"
EndProject
Project("{2150E333-8FDC-42A3-9474-1A3956D46DE8}") = "LogQuake.Service", "LogQuake.Service", "{87D6C2A6-ABF1-482A-A2B7-48249E5CF91E}"
EndProject
Project("{2150E333-8FDC-42A3-9474-1A3956D46DE8}") = "LogQuake.API.Test", "LogQuake.API.Test", "{F8C9B80B-FCC2-43AE-8A3A-991125554EBA}"
EndProject
Project("{2150E333-8FDC-42A3-9474-1A3956D46DE8}") = "LogQuake.Domain.Test", "LogQuake.Domain.Test", "{C135522D-87A1-4683-A944-FEA008EFD423}"
EndProject
Project("{2150E333-8FDC-42A3-9474-1A3956D46DE8}") = "LogQuake.Infra.Test", "LogQuake.Infra.Test", "{9820AD37-F8BF-4515-BED4-92D40D1A2A5B}"
EndProject
Project("{2150E333-8FDC-42A3-9474-1A3956D46DE8}") = "LogQuake.Service.Test", "LogQuake.Service.Test", "{E87243BE-6959-4498-8312-632257DBA24B}"
EndProject
Project("{FAE04EC0-301F-11D3-BF4B-00C04F79EFBC}") = "LogQuake.API.Test.BDD", "LogQuake.API.Test.BDD\LogQuake.API.Test.BDD.csproj", "{4566A0EA-295D-45AE-8E4F-5CAB57861EED}"
EndProject
Project("{2150E333-8FDC-42A3-9474-1A3956D46DE8}") = "LogQuake.API.Test.BDD", "LogQuake.API.Test.BDD", "{A0C6BE63-C512-423B-8434-FC26B4A8EAAB}"
EndProject
Project("{2150E333-8FDC-42A3-9474-1A3956D46DE8}") = "LogQuake.IdentityServer", "LogQuake.IdentityServer", "{894903DF-154C-423E-B188-7F1E3D3ADB3A}"
EndProject
Project("{9A19103F-16F7-4668-BE54-9A1E7A4F7556}") = "LogQuake.IdentityServer", "LogQuake.IdentityServer\LogQuake.IdentityServer.csproj", "{DE60F3B8-D8E7-4561-9965-5F08B856C3D3}"
EndProject
Global
	GlobalSection(SolutionConfigurationPlatforms) = preSolution
		Debug|Any CPU = Debug|Any CPU
		Release|Any CPU = Release|Any CPU
	EndGlobalSection
	GlobalSection(ProjectConfigurationPlatforms) = postSolution
		{D05E6EDA-2B97-46DD-ADAD-D8B380B288E5}.Debug|Any CPU.ActiveCfg = Debug|Any CPU
		{D05E6EDA-2B97-46DD-ADAD-D8B380B288E5}.Debug|Any CPU.Build.0 = Debug|Any CPU
		{D05E6EDA-2B97-46DD-ADAD-D8B380B288E5}.Release|Any CPU.ActiveCfg = Release|Any CPU
		{D05E6EDA-2B97-46DD-ADAD-D8B380B288E5}.Release|Any CPU.Build.0 = Release|Any CPU
		{5B572BC4-13C1-48CE-8466-3BA65749065B}.Debug|Any CPU.ActiveCfg = Debug|Any CPU
		{5B572BC4-13C1-48CE-8466-3BA65749065B}.Debug|Any CPU.Build.0 = Debug|Any CPU
		{5B572BC4-13C1-48CE-8466-3BA65749065B}.Release|Any CPU.ActiveCfg = Release|Any CPU
		{5B572BC4-13C1-48CE-8466-3BA65749065B}.Release|Any CPU.Build.0 = Release|Any CPU
		{728E0C07-5509-4EA7-9B2B-49140700764F}.Debug|Any CPU.ActiveCfg = Debug|Any CPU
		{728E0C07-5509-4EA7-9B2B-49140700764F}.Debug|Any CPU.Build.0 = Debug|Any CPU
		{728E0C07-5509-4EA7-9B2B-49140700764F}.Release|Any CPU.ActiveCfg = Release|Any CPU
		{728E0C07-5509-4EA7-9B2B-49140700764F}.Release|Any CPU.Build.0 = Release|Any CPU
		{49A00663-7338-4997-B876-E4FE9B3E5F13}.Debug|Any CPU.ActiveCfg = Debug|Any CPU
		{49A00663-7338-4997-B876-E4FE9B3E5F13}.Debug|Any CPU.Build.0 = Debug|Any CPU
		{49A00663-7338-4997-B876-E4FE9B3E5F13}.Release|Any CPU.ActiveCfg = Release|Any CPU
		{49A00663-7338-4997-B876-E4FE9B3E5F13}.Release|Any CPU.Build.0 = Release|Any CPU
		{194DE34B-CB5C-4CC8-B414-71651D4941A4}.Debug|Any CPU.ActiveCfg = Debug|Any CPU
		{194DE34B-CB5C-4CC8-B414-71651D4941A4}.Debug|Any CPU.Build.0 = Debug|Any CPU
		{194DE34B-CB5C-4CC8-B414-71651D4941A4}.Release|Any CPU.ActiveCfg = Release|Any CPU
		{194DE34B-CB5C-4CC8-B414-71651D4941A4}.Release|Any CPU.Build.0 = Release|Any CPU
		{7625B6FC-64E0-4421-8D48-B4602B9ABA72}.Debug|Any CPU.ActiveCfg = Debug|Any CPU
		{7625B6FC-64E0-4421-8D48-B4602B9ABA72}.Debug|Any CPU.Build.0 = Debug|Any CPU
		{7625B6FC-64E0-4421-8D48-B4602B9ABA72}.Release|Any CPU.ActiveCfg = Release|Any CPU
		{7625B6FC-64E0-4421-8D48-B4602B9ABA72}.Release|Any CPU.Build.0 = Release|Any CPU
		{A1887A74-CC0B-400D-9048-E2210104DD60}.Debug|Any CPU.ActiveCfg = Debug|Any CPU
		{A1887A74-CC0B-400D-9048-E2210104DD60}.Debug|Any CPU.Build.0 = Debug|Any CPU
		{A1887A74-CC0B-400D-9048-E2210104DD60}.Release|Any CPU.ActiveCfg = Release|Any CPU
		{A1887A74-CC0B-400D-9048-E2210104DD60}.Release|Any CPU.Build.0 = Release|Any CPU
		{FEEEAB31-61F2-4A7D-84C2-F39FD49008EB}.Debug|Any CPU.ActiveCfg = Debug|Any CPU
		{FEEEAB31-61F2-4A7D-84C2-F39FD49008EB}.Debug|Any CPU.Build.0 = Debug|Any CPU
		{FEEEAB31-61F2-4A7D-84C2-F39FD49008EB}.Release|Any CPU.ActiveCfg = Release|Any CPU
		{FEEEAB31-61F2-4A7D-84C2-F39FD49008EB}.Release|Any CPU.Build.0 = Release|Any CPU
		{0EAE4EFC-0432-4B62-8432-C11B8481C6C6}.Debug|Any CPU.ActiveCfg = Debug|Any CPU
		{0EAE4EFC-0432-4B62-8432-C11B8481C6C6}.Debug|Any CPU.Build.0 = Debug|Any CPU
		{0EAE4EFC-0432-4B62-8432-C11B8481C6C6}.Release|Any CPU.ActiveCfg = Release|Any CPU
		{0EAE4EFC-0432-4B62-8432-C11B8481C6C6}.Release|Any CPU.Build.0 = Release|Any CPU
		{4566A0EA-295D-45AE-8E4F-5CAB57861EED}.Debug|Any CPU.ActiveCfg = Debug|Any CPU
		{4566A0EA-295D-45AE-8E4F-5CAB57861EED}.Debug|Any CPU.Build.0 = Debug|Any CPU
		{4566A0EA-295D-45AE-8E4F-5CAB57861EED}.Release|Any CPU.ActiveCfg = Release|Any CPU
		{4566A0EA-295D-45AE-8E4F-5CAB57861EED}.Release|Any CPU.Build.0 = Release|Any CPU
		{DE60F3B8-D8E7-4561-9965-5F08B856C3D3}.Debug|Any CPU.ActiveCfg = Debug|Any CPU
		{DE60F3B8-D8E7-4561-9965-5F08B856C3D3}.Debug|Any CPU.Build.0 = Debug|Any CPU
		{DE60F3B8-D8E7-4561-9965-5F08B856C3D3}.Release|Any CPU.ActiveCfg = Release|Any CPU
		{DE60F3B8-D8E7-4561-9965-5F08B856C3D3}.Release|Any CPU.Build.0 = Release|Any CPU
	EndGlobalSection
	GlobalSection(SolutionProperties) = preSolution
		HideSolutionNode = FALSE
	EndGlobalSection
	GlobalSection(NestedProjects) = preSolution
		{D05E6EDA-2B97-46DD-ADAD-D8B380B288E5} = {87D6C2A6-ABF1-482A-A2B7-48249E5CF91E}
		{5B572BC4-13C1-48CE-8466-3BA65749065B} = {69CADA61-DFA9-4EE4-B4B8-15DFBD82535D}
		{728E0C07-5509-4EA7-9B2B-49140700764F} = {4B558144-DD93-4715-851A-6AC7A0947FA4}
		{49A00663-7338-4997-B876-E4FE9B3E5F13} = {F388EC69-DC8B-43F0-89A6-48BB6B850EF9}
		{194DE34B-CB5C-4CC8-B414-71651D4941A4} = {E87243BE-6959-4498-8312-632257DBA24B}
		{7625B6FC-64E0-4421-8D48-B4602B9ABA72} = {9820AD37-F8BF-4515-BED4-92D40D1A2A5B}
		{A1887A74-CC0B-400D-9048-E2210104DD60} = {F8C9B80B-FCC2-43AE-8A3A-991125554EBA}
		{FEEEAB31-61F2-4A7D-84C2-F39FD49008EB} = {C135522D-87A1-4683-A944-FEA008EFD423}
		{0EAE4EFC-0432-4B62-8432-C11B8481C6C6} = {D1CB74D7-B47D-431B-938D-8CB1C4B3D70D}
		{D1CB74D7-B47D-431B-938D-8CB1C4B3D70D} = {AB195071-3F52-448F-B55F-990C6B21863F}
		{F388EC69-DC8B-43F0-89A6-48BB6B850EF9} = {AB195071-3F52-448F-B55F-990C6B21863F}
		{4B558144-DD93-4715-851A-6AC7A0947FA4} = {AB195071-3F52-448F-B55F-990C6B21863F}
		{69CADA61-DFA9-4EE4-B4B8-15DFBD82535D} = {AB195071-3F52-448F-B55F-990C6B21863F}
		{87D6C2A6-ABF1-482A-A2B7-48249E5CF91E} = {AB195071-3F52-448F-B55F-990C6B21863F}
		{F8C9B80B-FCC2-43AE-8A3A-991125554EBA} = {3D691735-65BB-4C3F-B2FB-FE31E6D27BFE}
		{C135522D-87A1-4683-A944-FEA008EFD423} = {3D691735-65BB-4C3F-B2FB-FE31E6D27BFE}
		{9820AD37-F8BF-4515-BED4-92D40D1A2A5B} = {3D691735-65BB-4C3F-B2FB-FE31E6D27BFE}
		{E87243BE-6959-4498-8312-632257DBA24B} = {3D691735-65BB-4C3F-B2FB-FE31E6D27BFE}
		{4566A0EA-295D-45AE-8E4F-5CAB57861EED} = {A0C6BE63-C512-423B-8434-FC26B4A8EAAB}
		{A0C6BE63-C512-423B-8434-FC26B4A8EAAB} = {3D691735-65BB-4C3F-B2FB-FE31E6D27BFE}
		{894903DF-154C-423E-B188-7F1E3D3ADB3A} = {AB195071-3F52-448F-B55F-990C6B21863F}
		{DE60F3B8-D8E7-4561-9965-5F08B856C3D3} = {894903DF-154C-423E-B188-7F1E3D3ADB3A}
	EndGlobalSection
	GlobalSection(ExtensibilityGlobals) = postSolution
		SolutionGuid = {DDCB36DF-80B0-46D3-9069-08175F4DE3B3}
	EndGlobalSection
EndGlobal
